
Microsoft Visual Studio Solution File, Format Version 12.00
# Visual Studio Version 17
VisualStudioVersion = 17.9.34616.47
MinimumVisualStudioVersion = 10.0.40219.1
Project("{2150E333-8FDC-42A3-9474-1A3956D46DE8}") = "src", "src", "{1259EAD7-FEEF-4996-BB55-42612AA2803D}"
EndProject
Project("{2150E333-8FDC-42A3-9474-1A3956D46DE8}") = "common", "common", "{69153F2E-4934-451A-8045-45086B35B843}"
EndProject
Project("{2150E333-8FDC-42A3-9474-1A3956D46DE8}") = "test", "test", "{1492F519-CAC2-4D98-8C5E-A3AEB5D18D30}"
EndProject
Project("{9A19103F-16F7-4668-BE54-9A1E7A4F7556}") = "EmployeeDatabase.Test", "EmployeeDatabase.Test\EmployeeDatabase.Test.csproj", "{FDA10B2A-8C76-4C1B-B9BE-EFBF8240B9AB}"
EndProject
Project("{FAE04EC0-301F-11D3-BF4B-00C04F79EFBC}") = "EmployeeDatabase", "EmployeeDatabase\EmployeeDatabase.csproj", "{9180570B-48BA-4A3E-A43F-0C7F84171381}"
EndProject
Global
	GlobalSection(SolutionConfigurationPlatforms) = preSolution
		Debug|Any CPU = Debug|Any CPU
		Release|Any CPU = Release|Any CPU
	EndGlobalSection
	GlobalSection(ProjectConfigurationPlatforms) = postSolution
		{FDA10B2A-8C76-4C1B-B9BE-EFBF8240B9AB}.Debug|Any CPU.ActiveCfg = Debug|Any CPU
		{FDA10B2A-8C76-4C1B-B9BE-EFBF8240B9AB}.Debug|Any CPU.Build.0 = Debug|Any CPU
		{FDA10B2A-8C76-4C1B-B9BE-EFBF8240B9AB}.Release|Any CPU.ActiveCfg = Release|Any CPU
		{FDA10B2A-8C76-4C1B-B9BE-EFBF8240B9AB}.Release|Any CPU.Build.0 = Release|Any CPU
		{9180570B-48BA-4A3E-A43F-0C7F84171381}.Debug|Any CPU.ActiveCfg = Debug|Any CPU
		{9180570B-48BA-4A3E-A43F-0C7F84171381}.Debug|Any CPU.Build.0 = Debug|Any CPU
		{9180570B-48BA-4A3E-A43F-0C7F84171381}.Release|Any CPU.ActiveCfg = Release|Any CPU
		{9180570B-48BA-4A3E-A43F-0C7F84171381}.Release|Any CPU.Build.0 = Release|Any CPU
	EndGlobalSection
	GlobalSection(SolutionProperties) = preSolution
		HideSolutionNode = FALSE
	EndGlobalSection
	GlobalSection(NestedProjects) = preSolution
		{FDA10B2A-8C76-4C1B-B9BE-EFBF8240B9AB} = {1492F519-CAC2-4D98-8C5E-A3AEB5D18D30}
		{9180570B-48BA-4A3E-A43F-0C7F84171381} = {1259EAD7-FEEF-4996-BB55-42612AA2803D}
	EndGlobalSection
	GlobalSection(ExtensibilityGlobals) = postSolution
		SolutionGuid = {F2307B3B-1F99-4965-A729-3E9E0520F936}
	EndGlobalSection
EndGlobal
